
Microsoft Visual Studio Solution File, Format Version 12.00
# Visual Studio Version 17
VisualStudioVersion = 17.7.34031.279
MinimumVisualStudioVersion = 10.0.40219.1
Project("{FAE04EC0-301F-11D3-BF4B-00C04F79EFBC}") = "DZ 8.3", "DZ 8.3\DZ 8.3.csproj", "{A054E1C3-8423-4D60-8153-20C87A18E6E7}"
EndProject
Global
	GlobalSection(SolutionConfigurationPlatforms) = preSolution
		Debug|Any CPU = Debug|Any CPU
		Release|Any CPU = Release|Any CPU
	EndGlobalSection
	GlobalSection(ProjectConfigurationPlatforms) = postSolution
		{A054E1C3-8423-4D60-8153-20C87A18E6E7}.Debug|Any CPU.ActiveCfg = Debug|Any CPU
		{A054E1C3-8423-4D60-8153-20C87A18E6E7}.Debug|Any CPU.Build.0 = Debug|Any CPU
		{A054E1C3-8423-4D60-8153-20C87A18E6E7}.Release|Any CPU.ActiveCfg = Release|Any CPU
		{A054E1C3-8423-4D60-8153-20C87A18E6E7}.Release|Any CPU.Build.0 = Release|Any CPU
	EndGlobalSection
	GlobalSection(SolutionProperties) = preSolution
		HideSolutionNode = FALSE
	EndGlobalSection
	GlobalSection(ExtensibilityGlobals) = postSolution
		SolutionGuid = {E5FC226D-064B-4641-8B47-8495A5894772}
	EndGlobalSection
EndGlobal
